
Microsoft Visual Studio Solution File, Format Version 12.00
# Visual Studio Version 16
VisualStudioVersion = 16.0.34729.46
MinimumVisualStudioVersion = 10.0.40219.1
Project("{FAE04EC0-301F-11D3-BF4B-00C04F79EFBC}") = "G6Ejercicio1", "G6Ejercicio1.csproj", "{F47660D0-2395-4EF3-A52B-57A8ADD074CD}"
EndProject
Global
	GlobalSection(SolutionConfigurationPlatforms) = preSolution
		Debug|Any CPU = Debug|Any CPU
		Release|Any CPU = Release|Any CPU
	EndGlobalSection
	GlobalSection(ProjectConfigurationPlatforms) = postSolution
		{F47660D0-2395-4EF3-A52B-57A8ADD074CD}.Debug|Any CPU.ActiveCfg = Debug|Any CPU
		{F47660D0-2395-4EF3-A52B-57A8ADD074CD}.Debug|Any CPU.Build.0 = Debug|Any CPU
		{F47660D0-2395-4EF3-A52B-57A8ADD074CD}.Release|Any CPU.ActiveCfg = Release|Any CPU
		{F47660D0-2395-4EF3-A52B-57A8ADD074CD}.Release|Any CPU.Build.0 = Release|Any CPU
	EndGlobalSection
	GlobalSection(SolutionProperties) = preSolution
		HideSolutionNode = FALSE
	EndGlobalSection
	GlobalSection(ExtensibilityGlobals) = postSolution
		SolutionGuid = {F4124565-626A-4426-B649-B06C878CF416}
	EndGlobalSection
EndGlobal
